
Microsoft Visual Studio Solution File, Format Version 12.00
# Visual Studio Version 16
VisualStudioVersion = 16.0.29306.81
MinimumVisualStudioVersion = 10.0.40219.1
Project("{8BC9CEB8-8B4A-11D0-8D11-00A0C91BC942}") = "Asteroids", "Code\Game\Game.vcxproj", "{E09F64D5-1A33-48FC-A80D-3007162B804C}"
EndProject
Project("{8BC9CEB8-8B4A-11D0-8D11-00A0C91BC942}") = "Engine", "..\..\Abrams2019\Engine\Code\Engine\Engine.vcxproj", "{ACBDA225-83DE-4FBA-A746-0135429FB391}"
EndProject
Global
	GlobalSection(SolutionConfigurationPlatforms) = preSolution
		Debug|Any CPU = Debug|Any CPU
		Debug|ARM = Debug|ARM
		Debug|ARM64 = Debug|ARM64
		Debug|x64 = Debug|x64
		Debug|x86 = Debug|x86
		DebugProfile|Any CPU = DebugProfile|Any CPU
		DebugProfile|ARM = DebugProfile|ARM
		DebugProfile|ARM64 = DebugProfile|ARM64
		DebugProfile|x64 = DebugProfile|x64
		DebugProfile|x86 = DebugProfile|x86
		FinalBuild|Any CPU = FinalBuild|Any CPU
		FinalBuild|ARM = FinalBuild|ARM
		FinalBuild|ARM64 = FinalBuild|ARM64
		FinalBuild|x64 = FinalBuild|x64
		FinalBuild|x86 = FinalBuild|x86
		Release|Any CPU = Release|Any CPU
		Release|ARM = Release|ARM
		Release|ARM64 = Release|ARM64
		Release|x64 = Release|x64
		Release|x86 = Release|x86
	EndGlobalSection
	GlobalSection(ProjectConfigurationPlatforms) = postSolution
		{E09F64D5-1A33-48FC-A80D-3007162B804C}.Debug|Any CPU.ActiveCfg = Debug|x64
		{E09F64D5-1A33-48FC-A80D-3007162B804C}.Debug|ARM.ActiveCfg = Debug|x64
		{E09F64D5-1A33-48FC-A80D-3007162B804C}.Debug|ARM64.ActiveCfg = Debug|x64
		{E09F64D5-1A33-48FC-A80D-3007162B804C}.Debug|x64.ActiveCfg = Debug|x64
		{E09F64D5-1A33-48FC-A80D-3007162B804C}.Debug|x64.Build.0 = Debug|x64
		{E09F64D5-1A33-48FC-A80D-3007162B804C}.Debug|x86.ActiveCfg = Debug|x64
		{E09F64D5-1A33-48FC-A80D-3007162B804C}.DebugProfile|Any CPU.ActiveCfg = DebugProfile|x64
		{E09F64D5-1A33-48FC-A80D-3007162B804C}.DebugProfile|ARM.ActiveCfg = DebugProfile|x64
		{E09F64D5-1A33-48FC-A80D-3007162B804C}.DebugProfile|ARM64.ActiveCfg = DebugProfile|x64
		{E09F64D5-1A33-48FC-A80D-3007162B804C}.DebugProfile|x64.ActiveCfg = DebugProfile|x64
		{E09F64D5-1A33-48FC-A80D-3007162B804C}.DebugProfile|x64.Build.0 = DebugProfile|x64
		{E09F64D5-1A33-48FC-A80D-3007162B804C}.DebugProfile|x86.ActiveCfg = DebugProfile|x64
		{E09F64D5-1A33-48FC-A80D-3007162B804C}.FinalBuild|Any CPU.ActiveCfg = FinalBuild|x64
		{E09F64D5-1A33-48FC-A80D-3007162B804C}.FinalBuild|ARM.ActiveCfg = FinalBuild|x64
		{E09F64D5-1A33-48FC-A80D-3007162B804C}.FinalBuild|ARM64.ActiveCfg = FinalBuild|x64
		{E09F64D5-1A33-48FC-A80D-3007162B804C}.FinalBuild|x64.ActiveCfg = FinalBuild|x64
		{E09F64D5-1A33-48FC-A80D-3007162B804C}.FinalBuild|x64.Build.0 = FinalBuild|x64
		{E09F64D5-1A33-48FC-A80D-3007162B804C}.FinalBuild|x86.ActiveCfg = FinalBuild|x64
		{E09F64D5-1A33-48FC-A80D-3007162B804C}.Release|Any CPU.ActiveCfg = Release|x64
		{E09F64D5-1A33-48FC-A80D-3007162B804C}.Release|ARM.ActiveCfg = Release|x64
		{E09F64D5-1A33-48FC-A80D-3007162B804C}.Release|ARM64.ActiveCfg = Release|x64
		{E09F64D5-1A33-48FC-A80D-3007162B804C}.Release|x64.ActiveCfg = Release|x64
		{E09F64D5-1A33-48FC-A80D-3007162B804C}.Release|x64.Build.0 = Release|x64
		{E09F64D5-1A33-48FC-A80D-3007162B804C}.Release|x86.ActiveCfg = Release|x64
		{ACBDA225-83DE-4FBA-A746-0135429FB391}.Debug|Any CPU.ActiveCfg = Debug|x64
		{ACBDA225-83DE-4FBA-A746-0135429FB391}.Debug|ARM.ActiveCfg = Debug|x64
		{ACBDA225-83DE-4FBA-A746-0135429FB391}.Debug|ARM64.ActiveCfg = Debug|x64
		{ACBDA225-83DE-4FBA-A746-0135429FB391}.Debug|x64.ActiveCfg = Debug|x64
		{ACBDA225-83DE-4FBA-A746-0135429FB391}.Debug|x64.Build.0 = Debug|x64
		{ACBDA225-83DE-4FBA-A746-0135429FB391}.Debug|x86.ActiveCfg = Debug|x64
		{ACBDA225-83DE-4FBA-A746-0135429FB391}.DebugProfile|Any CPU.ActiveCfg = DebugProfile|x64
		{ACBDA225-83DE-4FBA-A746-0135429FB391}.DebugProfile|ARM.ActiveCfg = DebugProfile|x64
		{ACBDA225-83DE-4FBA-A746-0135429FB391}.DebugProfile|ARM64.ActiveCfg = DebugProfile|x64
		{ACBDA225-83DE-4FBA-A746-0135429FB391}.DebugProfile|x64.ActiveCfg = DebugProfile|x64
		{ACBDA225-83DE-4FBA-A746-0135429FB391}.DebugProfile|x64.Build.0 = DebugProfile|x64
		{ACBDA225-83DE-4FBA-A746-0135429FB391}.DebugProfile|x86.ActiveCfg = DebugProfile|x64
		{ACBDA225-83DE-4FBA-A746-0135429FB391}.FinalBuild|Any CPU.ActiveCfg = FinalBuild|x64
		{ACBDA225-83DE-4FBA-A746-0135429FB391}.FinalBuild|ARM.ActiveCfg = FinalBuild|x64
		{ACBDA225-83DE-4FBA-A746-0135429FB391}.FinalBuild|ARM64.ActiveCfg = FinalBuild|x64
		{ACBDA225-83DE-4FBA-A746-0135429FB391}.FinalBuild|x64.ActiveCfg = FinalBuild|x64
		{ACBDA225-83DE-4FBA-A746-0135429FB391}.FinalBuild|x64.Build.0 = FinalBuild|x64
		{ACBDA225-83DE-4FBA-A746-0135429FB391}.FinalBuild|x86.ActiveCfg = FinalBuild|x64
		{ACBDA225-83DE-4FBA-A746-0135429FB391}.Release|Any CPU.ActiveCfg = Release|x64
		{ACBDA225-83DE-4FBA-A746-0135429FB391}.Release|ARM.ActiveCfg = Release|x64
		{ACBDA225-83DE-4FBA-A746-0135429FB391}.Release|ARM64.ActiveCfg = Release|x64
		{ACBDA225-83DE-4FBA-A746-0135429FB391}.Release|x64.ActiveCfg = Release|x64
		{ACBDA225-83DE-4FBA-A746-0135429FB391}.Release|x64.Build.0 = Release|x64
		{ACBDA225-83DE-4FBA-A746-0135429FB391}.Release|x86.ActiveCfg = Release|x64
	EndGlobalSection
	GlobalSection(SolutionProperties) = preSolution
		HideSolutionNode = FALSE
	EndGlobalSection
	GlobalSection(ExtensibilityGlobals) = postSolution
		SolutionGuid = {4C427A35-0037-4CDE-9274-96FC7A5CFBC7}
	EndGlobalSection
EndGlobal
